
Microsoft Visual Studio Solution File, Format Version 12.00
# Visual Studio Version 17
VisualStudioVersion = 17.10.35013.160
MinimumVisualStudioVersion = 10.0.40219.1
Project("{FAE04EC0-301F-11D3-BF4B-00C04F79EFBC}") = "Pharmacy_Management_System", "Pharmacy_Management_System\Pharmacy_Management_System.csproj", "{BAAEB27F-2F38-4401-A947-CFD5FA9782E6}"
EndProject
Global
	GlobalSection(SolutionConfigurationPlatforms) = preSolution
		Debug|Any CPU = Debug|Any CPU
		Release|Any CPU = Release|Any CPU
	EndGlobalSection
	GlobalSection(ProjectConfigurationPlatforms) = postSolution
		{BAAEB27F-2F38-4401-A947-CFD5FA9782E6}.Debug|Any CPU.ActiveCfg = Debug|Any CPU
		{BAAEB27F-2F38-4401-A947-CFD5FA9782E6}.Debug|Any CPU.Build.0 = Debug|Any CPU
		{BAAEB27F-2F38-4401-A947-CFD5FA9782E6}.Release|Any CPU.ActiveCfg = Release|Any CPU
		{BAAEB27F-2F38-4401-A947-CFD5FA9782E6}.Release|Any CPU.Build.0 = Release|Any CPU
	EndGlobalSection
	GlobalSection(SolutionProperties) = preSolution
		HideSolutionNode = FALSE
	EndGlobalSection
	GlobalSection(ExtensibilityGlobals) = postSolution
		SolutionGuid = {CB35DD61-6E43-4241-8DD1-415CEEDE73FC}
	EndGlobalSection
EndGlobal
